
Microsoft Visual Studio Solution File, Format Version 12.00
# Visual Studio 15
VisualStudioVersion = 15.0.27428.2002
MinimumVisualStudioVersion = 10.0.40219.1
Project("{9A19103F-16F7-4668-BE54-9A1E7A4F7556}") = "AzureFunctionsForOffice.Host", "AzureFunctionsForOffice.Host\AzureFunctionsForOffice.Host.csproj", "{42B41E8C-6AAF-4503-85D6-B81155F72A0F}"
EndProject
Project("{FAE04EC0-301F-11D3-BF4B-00C04F79EFBC}") = "AzureFunctionsForOffice.Functions", "AzureFunctionsForOffice.Functions\AzureFunctionsForOffice.Functions.csproj", "{CE50DB7E-6235-4F08-980C-6F7C96DB7BF2}"
EndProject
Project("{FAE04EC0-301F-11D3-BF4B-00C04F79EFBC}") = "AzureFunctionsForOffice.WordMerge", "WordMerge\AzureFunctionsForOffice.WordMerge.csproj", "{883E4A8D-5696-48B9-8013-711E47E5323F}"
EndProject
Project("{FAE04EC0-301F-11D3-BF4B-00C04F79EFBC}") = "AzureFunctionsForOffice.ExcelExtract", "ExcelExtract\AzureFunctionsForOffice.ExcelExtract.csproj", "{7C02B2C2-B002-4B77-A704-AE166496184E}"
EndProject
Project("{FAE04EC0-301F-11D3-BF4B-00C04F79EFBC}") = "AzureFunctionsForOffice.ExcelMerge", "ExcelMerge\AzureFunctionsForOffice.ExcelMerge.csproj", "{D1B59BCD-8F25-4CFE-AE29-880C8B769114}"
EndProject
Project("{9A19103F-16F7-4668-BE54-9A1E7A4F7556}") = "AzureFunctionsForOffice.Examples", "AzureFunctionsForOffice.Examples\AzureFunctionsForOffice.Examples.csproj", "{C6914F79-C59B-4A52-97DB-55E736583A24}"
EndProject
Project("{2150E333-8FDC-42A3-9474-1A3956D46DE8}") = "Solution Items", "Solution Items", "{B9688258-C5EE-4A9A-862F-9D6AC95B7456}"
	ProjectSection(SolutionItems) = preProject
		.gitignore = .gitignore
		commands.json = commands.json
		README.md = README.md
	EndProjectSection
EndProject
Project("{FAE04EC0-301F-11D3-BF4B-00C04F79EFBC}") = "APIDocs", "APIDocs\APIDocs.csproj", "{E6A576C8-2B4B-420E-AC07-323B3E0690E4}"
EndProject
Global
	GlobalSection(SolutionConfigurationPlatforms) = preSolution
		Debug|Any CPU = Debug|Any CPU
		Release|Any CPU = Release|Any CPU
	EndGlobalSection
	GlobalSection(ProjectConfigurationPlatforms) = postSolution
		{42B41E8C-6AAF-4503-85D6-B81155F72A0F}.Debug|Any CPU.ActiveCfg = Debug|Any CPU
		{42B41E8C-6AAF-4503-85D6-B81155F72A0F}.Debug|Any CPU.Build.0 = Debug|Any CPU
		{42B41E8C-6AAF-4503-85D6-B81155F72A0F}.Release|Any CPU.ActiveCfg = Release|Any CPU
		{42B41E8C-6AAF-4503-85D6-B81155F72A0F}.Release|Any CPU.Build.0 = Release|Any CPU
		{CE50DB7E-6235-4F08-980C-6F7C96DB7BF2}.Debug|Any CPU.ActiveCfg = Debug|Any CPU
		{CE50DB7E-6235-4F08-980C-6F7C96DB7BF2}.Debug|Any CPU.Build.0 = Debug|Any CPU
		{CE50DB7E-6235-4F08-980C-6F7C96DB7BF2}.Release|Any CPU.ActiveCfg = Release|Any CPU
		{CE50DB7E-6235-4F08-980C-6F7C96DB7BF2}.Release|Any CPU.Build.0 = Release|Any CPU
		{883E4A8D-5696-48B9-8013-711E47E5323F}.Debug|Any CPU.ActiveCfg = Debug|Any CPU
		{883E4A8D-5696-48B9-8013-711E47E5323F}.Debug|Any CPU.Build.0 = Debug|Any CPU
		{883E4A8D-5696-48B9-8013-711E47E5323F}.Release|Any CPU.ActiveCfg = Release|Any CPU
		{883E4A8D-5696-48B9-8013-711E47E5323F}.Release|Any CPU.Build.0 = Release|Any CPU
		{7C02B2C2-B002-4B77-A704-AE166496184E}.Debug|Any CPU.ActiveCfg = Debug|Any CPU
		{7C02B2C2-B002-4B77-A704-AE166496184E}.Debug|Any CPU.Build.0 = Debug|Any CPU
		{7C02B2C2-B002-4B77-A704-AE166496184E}.Release|Any CPU.ActiveCfg = Release|Any CPU
		{7C02B2C2-B002-4B77-A704-AE166496184E}.Release|Any CPU.Build.0 = Release|Any CPU
		{D1B59BCD-8F25-4CFE-AE29-880C8B769114}.Debug|Any CPU.ActiveCfg = Debug|Any CPU
		{D1B59BCD-8F25-4CFE-AE29-880C8B769114}.Debug|Any CPU.Build.0 = Debug|Any CPU
		{D1B59BCD-8F25-4CFE-AE29-880C8B769114}.Release|Any CPU.ActiveCfg = Release|Any CPU
		{D1B59BCD-8F25-4CFE-AE29-880C8B769114}.Release|Any CPU.Build.0 = Release|Any CPU
		{C6914F79-C59B-4A52-97DB-55E736583A24}.Debug|Any CPU.ActiveCfg = Debug|Any CPU
		{C6914F79-C59B-4A52-97DB-55E736583A24}.Debug|Any CPU.Build.0 = Debug|Any CPU
		{C6914F79-C59B-4A52-97DB-55E736583A24}.Release|Any CPU.ActiveCfg = Release|Any CPU
		{C6914F79-C59B-4A52-97DB-55E736583A24}.Release|Any CPU.Build.0 = Release|Any CPU
		{E6A576C8-2B4B-420E-AC07-323B3E0690E4}.Debug|Any CPU.ActiveCfg = Debug|Any CPU
		{E6A576C8-2B4B-420E-AC07-323B3E0690E4}.Release|Any CPU.ActiveCfg = Release|Any CPU
	EndGlobalSection
	GlobalSection(SolutionProperties) = preSolution
		HideSolutionNode = FALSE
	EndGlobalSection
	GlobalSection(ExtensibilityGlobals) = postSolution
		SolutionGuid = {015B52C6-8AFC-4B76-A215-8FBD9C6182DC}
	EndGlobalSection
EndGlobal
